<?xml version="1.0" encoding="utf-8"?>
<Project ToolsVersion="4.0" xmlns="http://schemas.microsoft.com/developer/msbuild/2003">
  <ItemGroup>
    <Filter Include="Source Files">
      <UniqueIdentifier>{4FC737F1-C7A5-4376-A066-2A32D752A2FF}</UniqueIdentifier>
      <Extensions>cpp;c;cc;cxx;def;odl;idl;hpj;bat;asm;asmx</Extensions>
    </Filter>
    <Filter Include="Header Files">
      <UniqueIdentifier>{93995380-89BD-4b04-88EB-625FBE52EBFB}</UniqueIdentifier>
      <Extensions>h;hh;hpp;tpp;hxx;hm;inl;inc;xsd;tpp</Extensions>
    </Filter>
    <Filter Include="Header Files\simd">
      <UniqueIdentifier>{684619a6-88dd-4895-9f2d-f2bcb9eb5eb4}</UniqueIdentifier>
    </Filter>
    <Filter Include="Header Files\type">
      <UniqueIdentifier>{4254c10a-b5cf-4a27-8c01-7abcf82be61a}</UniqueIdentifier>
    </Filter>
    <Filter Include="Header Files\collection">
      <UniqueIdentifier>{2b35198e-1f8d-46a4-a300-f9c7e9659b75}</UniqueIdentifier>
    </Filter>
    <Filter Include="Header Files\algebra">
      <UniqueIdentifier>{0d5e386f-4169-4aad-b05b-b8383bb212a9}</UniqueIdentifier>
    </Filter>
    <Filter Include="Header Files\constexpr">
      <UniqueIdentifier>{59a9f1e0-33c0-4cf7-ad6d-0c7efc09d152}</UniqueIdentifier>
    </Filter>
  </ItemGroup>
  <ItemGroup>
    <ClInclude Include="MAML\src\simd\vector.hpp">
      <Filter>Header Files\simd</Filter>
    </ClInclude>
    <ClInclude Include="MAML\src\type\scalar_types.hpp">
      <Filter>Header Files\type</Filter>
    </ClInclude>
    <ClInclude Include="MAML\src\type\types.hpp">
      <Filter>Header Files\type</Filter>
    </ClInclude>
    <ClInclude Include="MAML\src\type\vector_types.hpp">
      <Filter>Header Files\type</Filter>
    </ClInclude>
    <ClInclude Include="MAML\src\type\atomic_types.hpp">
      <Filter>Header Files\type</Filter>
    </ClInclude>
    <ClInclude Include="MAML\src\collection\array.hpp">
      <Filter>Header Files\collection</Filter>
    </ClInclude>
    <ClInclude Include="MAML\src\algebra\complex.hpp">
      <Filter>Header Files\algebra</Filter>
    </ClInclude>
    <ClInclude Include="MAML\src\algebra\dual.hpp">
      <Filter>Header Files\algebra</Filter>
    </ClInclude>
    <ClInclude Include="MAML\src\algebra\hyperbolic.hpp">
      <Filter>Header Files\algebra</Filter>
    </ClInclude>
    <ClInclude Include="MAML\src\constexpr\math.hpp">
      <Filter>Header Files\constexpr</Filter>
    </ClInclude>
  </ItemGroup>
</Project>